github.com/boltdb/bolt v1.3.1/go.mod h1:clJnj/oiGkjum5o1McbSZDSLxVThjynRyGBgiAx27Ps=
github.com/davecgh/go-spew v1.1.1 h1:vj9j/u1bqnvCEfJOwUhtlOARqs3+rkHYY13jYWTU97c=
github.com/davecgh/go-spew v1.1.1/go.mod h1:J7Y8YcW2NihsgmVo/mv3lAwl/skON4iLHjSsI+c5H38=
github.com/go-kit/kit v0.4.0 h1:KeVK+Emj3c3S4eRztFuzbFYb2BAgf2jmwDwyXEri7Lo=
github.com/go-kit/kit v0.4.0/go.mod h1:xBxKIO96dXMWWy0MnWVtmwkA9/13aqxPnvrjFYMA2as=
github.com/go-logfmt/logfmt v0.3.0 h1:8HUsc87TaSWLKwrnumgC8/YconD2fJQsRJAsWaPg2ic=
github.com/go-logfmt/logfmt v0.3.0/go.mod h1:Qt1PoO58o5twSAckw1HlFXLmHsOX5/0LbT9GBnD5lWE=
github.com/go-stack/stack v1.6.0 h1:MmJCxYVKTJ0SplGKqFVX3SBnmaUhODHZrrFF6jMbpZk=
github.com/go-stack/stack v1.6.0/go.mod h1:v0f6uXyyMGvRgIKkXu+yp6POWl0qKG85gN/melR3HDY=
github.com/gorilla/context v0.0.0-20160226214623-1ea25387ff6f/go.mod h1:kBGZzfjB9CEq2AlWe17Uuf7NDRt0dE0s8S51q0aT7Yg=
github.com/gorilla/mux v1.4.0/go.mod h1:1lud6UwP+6orDFRuTfBEV8e9/aOM/c4fVVCaMa2zaAs=
github.com/groob/finalizer v0.0.0-20170707115354-4c2ed49aabda/go.mod h1:MyndkAZd5rUMdNogn35MWXBX1UiBigrU8eTj8DoAC2c=
github.com/inverse-inc/pkcs7 v0.0.0-20210506124822-140ab7b963b3 h1:YAWsp7d4RknQd5gZJRo7yxTge444bTKOYmC0nj7OR1I=
github.com/inverse-inc/pkcs7 v0.0.0-20210506124822-140ab7b963b3/go.mod h1:adBgAyadl5D9Mz9rhkQyzZpwcUK9eXdKslXH4oImbB0=
github.com/inverse-inc/pkcs7 v0.0.0-20221007184446-739fb7dad187 h1:A+ZfM+eDbeozZvMg7mEjw6Wo9IgPKs3ex/EQ4HxuFLE=
github.com/inverse-inc/pkcs7 v0.0.0-20221007184446-739fb7dad187/go.mod h1:EfeT8OW+dVA+SNdc/FVftfHU+v7vu5vMckVQSxq9CJA=
github.com/kr/logfmt v0.0.0-20140226030751-b84e30acd515/go.mod h1:+0opPa2QZZtGFBFZlji/RkVcI2GknAs/DXo4wKdlNEc=
github.com/pkg/errors v0.8.0 h1:WdK/asTD0HN+q6hsWO3/vpuAkAr+tw6aNJNDFFf0+qw=
github.com/pkg/errors v0.8.0/go.mod h1:bwawxfHBFNV+L2hUp1rHADufV3IMtnDRdf1r5NINEl0=
