github.com/boltdb/bolt v1.3.1 h1:JQmyP4ZBrce+ZQu0dY660FMfatumYDLun9hBCUVIkF4=
github.com/boltdb/bolt v1.3.1/go.mod h1:clJnj/oiGkjum5o1McbSZDSLxVThjynRyGBgiAx27Ps=
github.com/davecgh/go-spew v1.1.1/go.mod h1:J7Y8YcW2NihsgmVo/mv3lAwl/skON4iLHjSsI+c5H38=
github.com/go-kit/kit v0.4.0 h1:KeVK+Emj3c3S4eRztFuzbFYb2BAgf2jmwDwyXEri7Lo=
github.com/go-kit/kit v0.4.0/go.mod h1:xBxKIO96dXMWWy0MnWVtmwkA9/13aqxPnvrjFYMA2as=
github.com/go-logfmt/logfmt v0.3.0 h1:8HUsc87TaSWLKwrnumgC8/YconD2fJQsRJAsWaPg2ic=
github.com/go-logfmt/logfmt v0.3.0/go.mod h1:Qt1PoO58o5twSAckw1HlFXLmHsOX5/0LbT9GBnD5lWE=
github.com/go-stack/stack v1.6.0 h1:MmJCxYVKTJ0SplGKqFVX3SBnmaUhODHZrrFF6jMbpZk=
github.com/go-stack/stack v1.6.0/go.mod h1:v0f6uXyyMGvRgIKkXu+yp6POWl0qKG85gN/melR3HDY=
github.com/gorilla/context v0.0.0-20160226214623-1ea25387ff6f h1:9oNbS1z4rVpbnkHBdPZU4jo9bSmrLpII768arSyMFgk=
github.com/gorilla/context v0.0.0-20160226214623-1ea25387ff6f/go.mod h1:kBGZzfjB9CEq2AlWe17Uuf7NDRt0dE0s8S51q0aT7Yg=
github.com/gorilla/mux v1.4.0 h1:N6R8isjoRv7IcVVlf0cTBbo0UDc9V6ZXWEm0HQoQmLo=
github.com/gorilla/mux v1.4.0/go.mod h1:1lud6UwP+6orDFRuTfBEV8e9/aOM/c4fVVCaMa2zaAs=
github.com/groob/finalizer v0.0.0-20170707115354-4c2ed49aabda h1:5ikpG9mYCMFiZX0nkxoV6aU2IpCHPdws3gCNgdZeEV0=
github.com/groob/finalizer v0.0.0-20170707115354-4c2ed49aabda/go.mod h1:MyndkAZd5rUMdNogn35MWXBX1UiBigrU8eTj8DoAC2c=
github.com/inverse-inc/pkcs7 v0.0.0-20221007184446-739fb7dad187 h1:A+ZfM+eDbeozZvMg7mEjw6Wo9IgPKs3ex/EQ4HxuFLE=
github.com/inverse-inc/pkcs7 v0.0.0-20221007184446-739fb7dad187/go.mod h1:EfeT8OW+dVA+SNdc/FVftfHU+v7vu5vMckVQSxq9CJA=
github.com/inverse-inc/pkcs7 v0.0.0-20221011121424-6997521b3de4 h1:FpoMtSwy1Ei7ocq7POUZSkmRH9AKSGIRGhPiGiTdBDw=
github.com/inverse-inc/pkcs7 v0.0.0-20221011121424-6997521b3de4/go.mod h1:S9BylohIDhjqqCCP23lGN8KO9Z350ilg5QY3pFlsrNM=
github.com/inverse-inc/pkcs7 v0.0.0-20221011155655-51be0ad8dcc6 h1:03CrR/x07mHUiRLPQXzoVBdqRDfcKdGipQlcLUPdxxw=
github.com/inverse-inc/pkcs7 v0.0.0-20221011155655-51be0ad8dcc6/go.mod h1:YpgbKtIsXbTjq1C1GRvWFx54BcMcHdKFfdhXNrqHMKM=
github.com/inverse-inc/scep v0.0.0-20221007185838-e978f1bf6b97/go.mod h1:Fa0J36nMSxuIXVSy4t53wLfIQGhBW836i5m5X3X+42Q=
github.com/inverse-inc/scep v0.0.0-20221011144128-526c40a62654/go.mod h1:WdB4qHIRodosWy7g8gpL9Bb6i/+pSJOpTk8WJy3MQjM=
github.com/kr/logfmt v0.0.0-20140226030751-b84e30acd515 h1:T+h1c/A9Gawja4Y9mFVWj2vyii2bbUNDw3kt9VxK2EY=
github.com/kr/logfmt v0.0.0-20140226030751-b84e30acd515/go.mod h1:+0opPa2QZZtGFBFZlji/RkVcI2GknAs/DXo4wKdlNEc=
github.com/pkg/errors v0.8.0 h1:WdK/asTD0HN+q6hsWO3/vpuAkAr+tw6aNJNDFFf0+qw=
github.com/pkg/errors v0.8.0/go.mod h1:bwawxfHBFNV+L2hUp1rHADufV3IMtnDRdf1r5NINEl0=
golang.org/x/net v0.0.0-20221004154528-8021a29435af h1:wv66FM3rLZGPdxpYL+ApnDe2HzHcTFta3z5nsc13wI4=
golang.org/x/net v0.0.0-20221004154528-8021a29435af/go.mod h1:YDH+HFinaLZZlnHAfSS6ZXJJ9M9t4Dl22yv3iI2vPwk=
golang.org/x/sys v0.0.0-20210615035016-665e8c7367d1/go.mod h1:oPkhp1MJrh7nUepCBck5+mAzfO9JrbApNNgaTdGDITg=
golang.org/x/sys v0.0.0-20220728004956-3c1f35247d10/go.mod h1:oPkhp1MJrh7nUepCBck5+mAzfO9JrbApNNgaTdGDITg=
golang.org/x/sys v0.0.0-20221010170243-090e33056c14 h1:k5II8e6QD8mITdi+okbbmR/cIyEbeXLBhy5Ha4nevyc=
golang.org/x/sys v0.0.0-20221010170243-090e33056c14/go.mod h1:oPkhp1MJrh7nUepCBck5+mAzfO9JrbApNNgaTdGDITg=
golang.org/x/term v0.0.0-20210927222741-03fcf44c2211/go.mod h1:jbD1KX2456YbFQfuXm/mYQcufACuNUgVhRMnK/tPxf8=
golang.org/x/text v0.3.7/go.mod h1:u+2+/6zg+i71rQMx5EYifcz6MCKuco9NR6JIITiCfzQ=
golang.org/x/tools v0.0.0-20180917221912-90fa682c2a6e/go.mod h1:n7NCudcB/nEzxVGmLbDWY5pfWTLqBcC2KZ6jyYvM4mQ=
